
Microsoft Visual Studio Solution File, Format Version 12.00
# Visual Studio Version 16
VisualStudioVersion = 16.0.30907.101
MinimumVisualStudioVersion = 10.0.40219.1
Project("{FAE04EC0-301F-11D3-BF4B-00C04F79EFBC}") = "Api", "Api\Api.csproj", "{0BCCE926-612C-4193-8087-88DF2C0AF5D0}"
EndProject
Project("{E53339B2-1760-4266-BCC7-CA923CBCF16C}") = "docker-compose", "docker-compose.dcproj", "{F7DB1A56-39B7-4A4D-8F0B-2DAE6A3C82F0}"
EndProject
Project("{FAE04EC0-301F-11D3-BF4B-00C04F79EFBC}") = "Core", "Core\Core.csproj", "{50775272-8E33-42E4-A067-D11D6FECB27B}"
EndProject
Project("{FAE04EC0-301F-11D3-BF4B-00C04F79EFBC}") = "Infrastructure", "Infrastructure\Infrastructure.csproj", "{55A3B03C-88DA-4843-A7C7-8C6B154D21E8}"
EndProject
Project("{2150E333-8FDC-42A3-9474-1A3956D46DE8}") = "Tests", "Tests", "{FDF528C0-3EF6-41CC-8108-913FA8E4549B}"
EndProject
Project("{2150E333-8FDC-42A3-9474-1A3956D46DE8}") = "Source", "Source", "{7F57333B-1842-4699-B9F0-CFE6891EFE9F}"
EndProject
Project("{FAE04EC0-301F-11D3-BF4B-00C04F79EFBC}") = "UnitTests", "UnitTests\UnitTests.csproj", "{C109BAC8-A560-450D-99E9-F72E9AD722D3}"
EndProject
Project("{FAE04EC0-301F-11D3-BF4B-00C04F79EFBC}") = "IntegrationTests", "IntegrationTests\IntegrationTests.csproj", "{A755B99C-8895-4ABC-977C-B02B5A9A7311}"
EndProject
Project("{FAE04EC0-301F-11D3-BF4B-00C04F79EFBC}") = "FunctionalTests", "FunctionalTests\FunctionalTests.csproj", "{31A145FC-09F5-404F-B747-31B040EE3250}"
EndProject
Project("{FAE04EC0-301F-11D3-BF4B-00C04F79EFBC}") = "Common", "Common\Common.csproj", "{3C48CA0B-0805-4D7B-A970-57BFFC6A1037}"
EndProject
Project("{FAE04EC0-301F-11D3-BF4B-00C04F79EFBC}") = "RestServices", "RestServices\RestServices.csproj", "{0CEB1A3A-F58E-4349-9056-1C5F0886BCDB}"
EndProject
Global
	GlobalSection(SolutionConfigurationPlatforms) = preSolution
		Debug|Any CPU = Debug|Any CPU
		Release|Any CPU = Release|Any CPU
	EndGlobalSection
	GlobalSection(ProjectConfigurationPlatforms) = postSolution
		{0BCCE926-612C-4193-8087-88DF2C0AF5D0}.Debug|Any CPU.ActiveCfg = Debug|Any CPU
		{0BCCE926-612C-4193-8087-88DF2C0AF5D0}.Debug|Any CPU.Build.0 = Debug|Any CPU
		{0BCCE926-612C-4193-8087-88DF2C0AF5D0}.Release|Any CPU.ActiveCfg = Release|Any CPU
		{0BCCE926-612C-4193-8087-88DF2C0AF5D0}.Release|Any CPU.Build.0 = Release|Any CPU
		{F7DB1A56-39B7-4A4D-8F0B-2DAE6A3C82F0}.Debug|Any CPU.ActiveCfg = Debug|Any CPU
		{F7DB1A56-39B7-4A4D-8F0B-2DAE6A3C82F0}.Debug|Any CPU.Build.0 = Debug|Any CPU
		{F7DB1A56-39B7-4A4D-8F0B-2DAE6A3C82F0}.Release|Any CPU.ActiveCfg = Release|Any CPU
		{F7DB1A56-39B7-4A4D-8F0B-2DAE6A3C82F0}.Release|Any CPU.Build.0 = Release|Any CPU
		{50775272-8E33-42E4-A067-D11D6FECB27B}.Debug|Any CPU.ActiveCfg = Debug|Any CPU
		{50775272-8E33-42E4-A067-D11D6FECB27B}.Debug|Any CPU.Build.0 = Debug|Any CPU
		{50775272-8E33-42E4-A067-D11D6FECB27B}.Release|Any CPU.ActiveCfg = Release|Any CPU
		{50775272-8E33-42E4-A067-D11D6FECB27B}.Release|Any CPU.Build.0 = Release|Any CPU
		{55A3B03C-88DA-4843-A7C7-8C6B154D21E8}.Debug|Any CPU.ActiveCfg = Debug|Any CPU
		{55A3B03C-88DA-4843-A7C7-8C6B154D21E8}.Debug|Any CPU.Build.0 = Debug|Any CPU
		{55A3B03C-88DA-4843-A7C7-8C6B154D21E8}.Release|Any CPU.ActiveCfg = Release|Any CPU
		{55A3B03C-88DA-4843-A7C7-8C6B154D21E8}.Release|Any CPU.Build.0 = Release|Any CPU
		{C109BAC8-A560-450D-99E9-F72E9AD722D3}.Debug|Any CPU.ActiveCfg = Debug|Any CPU
		{C109BAC8-A560-450D-99E9-F72E9AD722D3}.Debug|Any CPU.Build.0 = Debug|Any CPU
		{C109BAC8-A560-450D-99E9-F72E9AD722D3}.Release|Any CPU.ActiveCfg = Release|Any CPU
		{C109BAC8-A560-450D-99E9-F72E9AD722D3}.Release|Any CPU.Build.0 = Release|Any CPU
		{A755B99C-8895-4ABC-977C-B02B5A9A7311}.Debug|Any CPU.ActiveCfg = Debug|Any CPU
		{A755B99C-8895-4ABC-977C-B02B5A9A7311}.Debug|Any CPU.Build.0 = Debug|Any CPU
		{A755B99C-8895-4ABC-977C-B02B5A9A7311}.Release|Any CPU.ActiveCfg = Release|Any CPU
		{A755B99C-8895-4ABC-977C-B02B5A9A7311}.Release|Any CPU.Build.0 = Release|Any CPU
		{31A145FC-09F5-404F-B747-31B040EE3250}.Debug|Any CPU.ActiveCfg = Debug|Any CPU
		{31A145FC-09F5-404F-B747-31B040EE3250}.Debug|Any CPU.Build.0 = Debug|Any CPU
		{31A145FC-09F5-404F-B747-31B040EE3250}.Release|Any CPU.ActiveCfg = Release|Any CPU
		{31A145FC-09F5-404F-B747-31B040EE3250}.Release|Any CPU.Build.0 = Release|Any CPU
		{3C48CA0B-0805-4D7B-A970-57BFFC6A1037}.Debug|Any CPU.ActiveCfg = Debug|Any CPU
		{3C48CA0B-0805-4D7B-A970-57BFFC6A1037}.Debug|Any CPU.Build.0 = Debug|Any CPU
		{3C48CA0B-0805-4D7B-A970-57BFFC6A1037}.Release|Any CPU.ActiveCfg = Release|Any CPU
		{3C48CA0B-0805-4D7B-A970-57BFFC6A1037}.Release|Any CPU.Build.0 = Release|Any CPU
		{0CEB1A3A-F58E-4349-9056-1C5F0886BCDB}.Debug|Any CPU.ActiveCfg = Debug|Any CPU
		{0CEB1A3A-F58E-4349-9056-1C5F0886BCDB}.Debug|Any CPU.Build.0 = Debug|Any CPU
		{0CEB1A3A-F58E-4349-9056-1C5F0886BCDB}.Release|Any CPU.ActiveCfg = Release|Any CPU
		{0CEB1A3A-F58E-4349-9056-1C5F0886BCDB}.Release|Any CPU.Build.0 = Release|Any CPU
	EndGlobalSection
	GlobalSection(SolutionProperties) = preSolution
		HideSolutionNode = FALSE
	EndGlobalSection
	GlobalSection(ExtensibilityGlobals) = postSolution
		SolutionGuid = {BDA14627-FE76-46DD-BF92-5040618A1F62}
	EndGlobalSection
	GlobalSection(NestedProjects) = preSolution
		{0BCCE926-612C-4193-8087-88DF2C0AF5D0} = {7F57333B-1842-4699-B9F0-CFE6891EFE9F}
		{50775272-8E33-42E4-A067-D11D6FECB27B} = {7F57333B-1842-4699-B9F0-CFE6891EFE9F}
		{F7DB1A56-39B7-4A4D-8F0B-2DAE6A3C82F0} = {7F57333B-1842-4699-B9F0-CFE6891EFE9F}
		{55A3B03C-88DA-4843-A7C7-8C6B154D21E8} = {7F57333B-1842-4699-B9F0-CFE6891EFE9F}
		{C109BAC8-A560-450D-99E9-F72E9AD722D3} = {FDF528C0-3EF6-41CC-8108-913FA8E4549B}
		{A755B99C-8895-4ABC-977C-B02B5A9A7311} = {FDF528C0-3EF6-41CC-8108-913FA8E4549B}
		{31A145FC-09F5-404F-B747-31B040EE3250} = {FDF528C0-3EF6-41CC-8108-913FA8E4549B}
		{3C48CA0B-0805-4D7B-A970-57BFFC6A1037} = {7F57333B-1842-4699-B9F0-CFE6891EFE9F}
		{0CEB1A3A-F58E-4349-9056-1C5F0886BCDB} = {7F57333B-1842-4699-B9F0-CFE6891EFE9F}
	EndGlobalSection
EndGlobal
